Microsoft Visual Studio Solution File, Format Version 11.00
# Visual Studio 2008

Project("{DE269A24-A457-42D0-6ABC-B40B6E3FF112}") = "FP Sistem Game", "Assembly-CSharp.csproj", "{4A2ECDD7-09AA-AF23-ED12-699E91A6C682}"
EndProject
Project("{DE269A24-A457-42D0-6ABC-B40B6E3FF112}") = "FP Sistem Game", "Assembly-UnityScript.unityproj", "{CABD580E-A243-108D-0765-3ADDEFA25E4B}"
EndProject
Global
	GlobalSection(SolutionConfigurationPlatforms) = preSolution
		Debug|Any CPU = Debug|Any CPU
		Release|Any CPU = Release|Any CPU
	EndGlobalSection
	GlobalSection(ProjectConfigurationPlatforms) = postSolution
		{4A2ECDD7-09AA-AF23-ED12-699E91A6C682}.Debug|Any CPU.ActiveCfg = Debug|Any CPU
		{4A2ECDD7-09AA-AF23-ED12-699E91A6C682}.Debug|Any CPU.Build.0 = Debug|Any CPU
		{4A2ECDD7-09AA-AF23-ED12-699E91A6C682}.Release|Any CPU.ActiveCfg = Release|Any CPU
		{4A2ECDD7-09AA-AF23-ED12-699E91A6C682}.Release|Any CPU.Build.0 = Release|Any CPU
		{CABD580E-A243-108D-0765-3ADDEFA25E4B}.Debug|Any CPU.ActiveCfg = Debug|Any CPU
		{CABD580E-A243-108D-0765-3ADDEFA25E4B}.Debug|Any CPU.Build.0 = Debug|Any CPU
		{CABD580E-A243-108D-0765-3ADDEFA25E4B}.Release|Any CPU.ActiveCfg = Release|Any CPU
		{CABD580E-A243-108D-0765-3ADDEFA25E4B}.Release|Any CPU.Build.0 = Release|Any CPU
	EndGlobalSection
	GlobalSection(SolutionProperties) = preSolution
		HideSolutionNode = FALSE
	EndGlobalSection
								GlobalSection(MonoDevelopProperties) = preSolution
		StartupItem = Assembly-CSharp.csproj
		Policies = $0
		$0.TextStylePolicy = $1
		$1.inheritsSet = null
		$1.scope = text/x-csharp
		$0.CSharpFormattingPolicy = $2
		$2.inheritsSet = Mono
		$2.inheritsScope = text/x-csharp
		$2.scope = text/x-csharp
		$0.TextStylePolicy = $3
		$3.FileWidth = 120
		$3.TabWidth = 4
		$3.IndentWidth = 4
		$3.EolMarker = Unix
		$3.inheritsSet = Mono
		$3.inheritsScope = text/plain
		$3.scope = text/plain
	EndGlobalSection

EndGlobal
